
Microsoft Visual Studio Solution File, Format Version 11.00
# Visual Studio 2010
Project("{FAE04EC0-301F-11D3-BF4B-00C04F79EFBC}") = "GuiaMoteisUI", "GuiaMoteis\GuiaMoteisUI.csproj", "{A825EF77-4DE5-4768-A4DC-46F8CA5A63FD}"
EndProject
Project("{FAE04EC0-301F-11D3-BF4B-00C04F79EFBC}") = "GuiaMoteisDAL", "..\GuiaMoteisDAL\GuiaMoteisDAL\GuiaMoteisDAL.csproj", "{7D5AC8C7-BEF6-4AFB-8CFD-48D231B85602}"
EndProject
Global
	GlobalSection(SolutionConfigurationPlatforms) = preSolution
		Debug|Any CPU = Debug|Any CPU
		Release|Any CPU = Release|Any CPU
	EndGlobalSection
	GlobalSection(ProjectConfigurationPlatforms) = postSolution
		{A825EF77-4DE5-4768-A4DC-46F8CA5A63FD}.Debug|Any CPU.ActiveCfg = Debug|Any CPU
		{A825EF77-4DE5-4768-A4DC-46F8CA5A63FD}.Debug|Any CPU.Build.0 = Debug|Any CPU
		{A825EF77-4DE5-4768-A4DC-46F8CA5A63FD}.Release|Any CPU.ActiveCfg = Release|Any CPU
		{A825EF77-4DE5-4768-A4DC-46F8CA5A63FD}.Release|Any CPU.Build.0 = Release|Any CPU
		{7D5AC8C7-BEF6-4AFB-8CFD-48D231B85602}.Debug|Any CPU.ActiveCfg = Debug|Any CPU
		{7D5AC8C7-BEF6-4AFB-8CFD-48D231B85602}.Debug|Any CPU.Build.0 = Debug|Any CPU
		{7D5AC8C7-BEF6-4AFB-8CFD-48D231B85602}.Release|Any CPU.ActiveCfg = Release|Any CPU
		{7D5AC8C7-BEF6-4AFB-8CFD-48D231B85602}.Release|Any CPU.Build.0 = Release|Any CPU
	EndGlobalSection
	GlobalSection(SolutionProperties) = preSolution
		HideSolutionNode = FALSE
	EndGlobalSection
EndGlobal
